
Microsoft Visual Studio Solution File, Format Version 12.00
# Visual Studio Version 17
VisualStudioVersion = 17.12.35527.113
MinimumVisualStudioVersion = 10.0.40219.1
Project("{FAE04EC0-301F-11D3-BF4B-00C04F79EFBC}") = "App.Repositories", "App.Repositories\App.Repositories.csproj", "{33E85C23-840C-4CF5-9A01-6B750F5C08F5}"
EndProject
Project("{FAE04EC0-301F-11D3-BF4B-00C04F79EFBC}") = "App.Services", "App.Services\App.Services.csproj", "{743F1302-A643-46B6-AB2F-3BA71C0B911F}"
EndProject
Project("{FAE04EC0-301F-11D3-BF4B-00C04F79EFBC}") = "App.API", "App.API\App.API.csproj", "{3EB2E52D-6B0D-4C6E-8397-B864270C2557}"
EndProject
Project("{2150E333-8FDC-42A3-9474-1A3956D46DE8}") = "NLayer", "NLayer", "{3701C397-39DC-41D9-84F2-2E7C92B468A5}"
EndProject
Project("{2150E333-8FDC-42A3-9474-1A3956D46DE8}") = "CleanArchitecture", "CleanArchitecture", "{E50BCD19-7773-47EC-BF7A-BA85751657F4}"
EndProject
Project("{2150E333-8FDC-42A3-9474-1A3956D46DE8}") = "test", "test", "{CBA61829-DE0D-41D0-A052-7F7E4F9401E7}"
EndProject
Project("{2150E333-8FDC-42A3-9474-1A3956D46DE8}") = "src", "src", "{7E108D46-B1BB-44A7-A4CE-D5B4537EB5DF}"
EndProject
Project("{2150E333-8FDC-42A3-9474-1A3956D46DE8}") = "Core", "Core", "{4F5C8E8E-343A-49B4-9044-E297C58B1A9F}"
EndProject
Project("{FAE04EC0-301F-11D3-BF4B-00C04F79EFBC}") = "App.Domain", "App.Domain\App.Domain.csproj", "{378A4801-8374-4DAD-9C74-2EE1E14B9F59}"
EndProject
Project("{FAE04EC0-301F-11D3-BF4B-00C04F79EFBC}") = "App.Application", "App.Application\App.Application.csproj", "{D3E1A574-862D-4631-A574-80EFDC642885}"
EndProject
Project("{2150E333-8FDC-42A3-9474-1A3956D46DE8}") = "Infrastructure", "Infrastructure", "{18A46264-B3A0-4FD9-9FE0-CBD38C2D90EF}"
EndProject
Project("{FAE04EC0-301F-11D3-BF4B-00C04F79EFBC}") = "App.Persistance", "App.Persistance\App.Persistance.csproj", "{73005E82-DF16-4BD6-866E-629773E5AD41}"
EndProject
Project("{2150E333-8FDC-42A3-9474-1A3956D46DE8}") = "API", "API", "{DE810A76-9A24-40F5-8A2E-52D368C54CEE}"
EndProject
Project("{FAE04EC0-301F-11D3-BF4B-00C04F79EFBC}") = "CleanApp.API", "CleanApp.API\CleanApp.API.csproj", "{3ECD5ED2-1686-4D35-84BB-3103A00559CD}"
EndProject
Global
	GlobalSection(SolutionConfigurationPlatforms) = preSolution
		Debug|Any CPU = Debug|Any CPU
		Release|Any CPU = Release|Any CPU
	EndGlobalSection
	GlobalSection(ProjectConfigurationPlatforms) = postSolution
		{33E85C23-840C-4CF5-9A01-6B750F5C08F5}.Debug|Any CPU.ActiveCfg = Debug|Any CPU
		{33E85C23-840C-4CF5-9A01-6B750F5C08F5}.Debug|Any CPU.Build.0 = Debug|Any CPU
		{33E85C23-840C-4CF5-9A01-6B750F5C08F5}.Release|Any CPU.ActiveCfg = Release|Any CPU
		{33E85C23-840C-4CF5-9A01-6B750F5C08F5}.Release|Any CPU.Build.0 = Release|Any CPU
		{743F1302-A643-46B6-AB2F-3BA71C0B911F}.Debug|Any CPU.ActiveCfg = Debug|Any CPU
		{743F1302-A643-46B6-AB2F-3BA71C0B911F}.Debug|Any CPU.Build.0 = Debug|Any CPU
		{743F1302-A643-46B6-AB2F-3BA71C0B911F}.Release|Any CPU.ActiveCfg = Release|Any CPU
		{743F1302-A643-46B6-AB2F-3BA71C0B911F}.Release|Any CPU.Build.0 = Release|Any CPU
		{3EB2E52D-6B0D-4C6E-8397-B864270C2557}.Debug|Any CPU.ActiveCfg = Debug|Any CPU
		{3EB2E52D-6B0D-4C6E-8397-B864270C2557}.Debug|Any CPU.Build.0 = Debug|Any CPU
		{3EB2E52D-6B0D-4C6E-8397-B864270C2557}.Release|Any CPU.ActiveCfg = Release|Any CPU
		{3EB2E52D-6B0D-4C6E-8397-B864270C2557}.Release|Any CPU.Build.0 = Release|Any CPU
		{378A4801-8374-4DAD-9C74-2EE1E14B9F59}.Debug|Any CPU.ActiveCfg = Debug|Any CPU
		{378A4801-8374-4DAD-9C74-2EE1E14B9F59}.Debug|Any CPU.Build.0 = Debug|Any CPU
		{378A4801-8374-4DAD-9C74-2EE1E14B9F59}.Release|Any CPU.ActiveCfg = Release|Any CPU
		{378A4801-8374-4DAD-9C74-2EE1E14B9F59}.Release|Any CPU.Build.0 = Release|Any CPU
		{D3E1A574-862D-4631-A574-80EFDC642885}.Debug|Any CPU.ActiveCfg = Debug|Any CPU
		{D3E1A574-862D-4631-A574-80EFDC642885}.Debug|Any CPU.Build.0 = Debug|Any CPU
		{D3E1A574-862D-4631-A574-80EFDC642885}.Release|Any CPU.ActiveCfg = Release|Any CPU
		{D3E1A574-862D-4631-A574-80EFDC642885}.Release|Any CPU.Build.0 = Release|Any CPU
		{73005E82-DF16-4BD6-866E-629773E5AD41}.Debug|Any CPU.ActiveCfg = Debug|Any CPU
		{73005E82-DF16-4BD6-866E-629773E5AD41}.Debug|Any CPU.Build.0 = Debug|Any CPU
		{73005E82-DF16-4BD6-866E-629773E5AD41}.Release|Any CPU.ActiveCfg = Release|Any CPU
		{73005E82-DF16-4BD6-866E-629773E5AD41}.Release|Any CPU.Build.0 = Release|Any CPU
		{3ECD5ED2-1686-4D35-84BB-3103A00559CD}.Debug|Any CPU.ActiveCfg = Debug|Any CPU
		{3ECD5ED2-1686-4D35-84BB-3103A00559CD}.Debug|Any CPU.Build.0 = Debug|Any CPU
		{3ECD5ED2-1686-4D35-84BB-3103A00559CD}.Release|Any CPU.ActiveCfg = Release|Any CPU
		{3ECD5ED2-1686-4D35-84BB-3103A00559CD}.Release|Any CPU.Build.0 = Release|Any CPU
	EndGlobalSection
	GlobalSection(SolutionProperties) = preSolution
		HideSolutionNode = FALSE
	EndGlobalSection
	GlobalSection(NestedProjects) = preSolution
		{33E85C23-840C-4CF5-9A01-6B750F5C08F5} = {3701C397-39DC-41D9-84F2-2E7C92B468A5}
		{743F1302-A643-46B6-AB2F-3BA71C0B911F} = {3701C397-39DC-41D9-84F2-2E7C92B468A5}
		{3EB2E52D-6B0D-4C6E-8397-B864270C2557} = {3701C397-39DC-41D9-84F2-2E7C92B468A5}
		{CBA61829-DE0D-41D0-A052-7F7E4F9401E7} = {E50BCD19-7773-47EC-BF7A-BA85751657F4}
		{7E108D46-B1BB-44A7-A4CE-D5B4537EB5DF} = {E50BCD19-7773-47EC-BF7A-BA85751657F4}
		{4F5C8E8E-343A-49B4-9044-E297C58B1A9F} = {7E108D46-B1BB-44A7-A4CE-D5B4537EB5DF}
		{378A4801-8374-4DAD-9C74-2EE1E14B9F59} = {4F5C8E8E-343A-49B4-9044-E297C58B1A9F}
		{D3E1A574-862D-4631-A574-80EFDC642885} = {4F5C8E8E-343A-49B4-9044-E297C58B1A9F}
		{18A46264-B3A0-4FD9-9FE0-CBD38C2D90EF} = {7E108D46-B1BB-44A7-A4CE-D5B4537EB5DF}
		{73005E82-DF16-4BD6-866E-629773E5AD41} = {18A46264-B3A0-4FD9-9FE0-CBD38C2D90EF}
		{DE810A76-9A24-40F5-8A2E-52D368C54CEE} = {7E108D46-B1BB-44A7-A4CE-D5B4537EB5DF}
		{3ECD5ED2-1686-4D35-84BB-3103A00559CD} = {DE810A76-9A24-40F5-8A2E-52D368C54CEE}
	EndGlobalSection
EndGlobal
